// !$*UTF8*$!
{
	archiveVersion = 1;
	classes = {
	};
	objectVersion = 50;
	objects = {

/* Begin PBXBuildFile section */
		2C13036E22C26A480045FAE5 /* AppDelegate.swift in Sources */ = {isa = PBXBuildFile; fileRef = 2C13036D22C26A480045FAE5 /* AppDelegate.swift */; };
		2C13037022C26A480045FAE5 /* ViewController.swift in Sources */ = {isa = PBXBuildFile; fileRef = 2C13036F22C26A480045FAE5 /* ViewController.swift */; };
		2C13037322C26A480045FAE5 /* Main.storyboard in Resources */ = {isa = PBXBuildFile; fileRef = 2C13037122C26A480045FAE5 /* Main.storyboard */; };
		2C13037522C26A490045FAE5 /* Assets.xcassets in Resources */ = {isa = PBXBuildFile; fileRef = 2C13037422C26A490045FAE5 /* Assets.xcassets */; };
		2C13037822C26A490045FAE5 /* LaunchScreen.storyboard in Resources */ = {isa = PBXBuildFile; fileRef = 2C13037622C26A490045FAE5 /* LaunchScreen.storyboard */; };
		2C13038322C26A490045FAE5 /* AutoGroupMessageTests.swift in Sources */ = {isa = PBXBuildFile; fileRef = 2C13038222C26A490045FAE5 /* AutoGroupMessageTests.swift */; };
		2C13038E22C26A490045FAE5 /* AutoGroupMessageUITests.swift in Sources */ = {isa = PBXBuildFile; fileRef = 2C13038D22C26A490045FAE5 /* AutoGroupMessageUITests.swift */; };
/* End PBXBuildFile section */

/* Begin PBXContainerItemProxy section */
		2C13037F22C26A490045FAE5 /* PBXContainerItemProxy */ = {
			isa = PBXContainerItemProxy;
			containerPortal = 2C13036222C26A480045FAE5 /* Project object */;
			proxyType = 1;
			remoteGlobalIDString = 2C13036922C26A480045FAE5;
			remoteInfo = AutoGroupMessage;
		};
		2C13038A22C26A490045FAE5 /* PBXContainerItemProxy */ = {
			isa = PBXContainerItemProxy;
			containerPortal = 2C13036222C26A480045FAE5 /* Project object */;
			proxyType = 1;
			remoteGlobalIDString = 2C13036922C26A480045FAE5;
			remoteInfo = AutoGroupMessage;
		};
/* End PBXContainerItemProxy section */

/* Begin PBXFileReference section */
		2C13036A22C26A480045FAE5 /* AutoGroupMessage.app */ = {isa = PBXFileReference; explicitFileType = wrapper.application; includeInIndex = 0; path = AutoGroupMessage.app; sourceTree = BUILT_PRODUCTS_DIR; };
		2C13036D22C26A480045FAE5 /* AppDelegate.swift */ = {isa = PBXFileReference; lastKnownFileType = sourcecode.swift; path = AppDelegate.swift; sourceTree = "<group>"; };
		2C13036F22C26A480045FAE5 /* ViewController.swift */ = {isa = PBXFileReference; lastKnownFileType = sourcecode.swift; path = ViewController.swift; sourceTree = "<group>"; };
		2C13037222C26A480045FAE5 /* Base */ = {isa = PBXFileReference; lastKnownFileType = file.storyboard; name = Base; path = Base.lproj/Main.storyboard; sourceTree = "<group>"; };
		2C13037422C26A490045FAE5 /* Assets.xcassets */ = {isa = PBXFileReference; lastKnownFileType = folder.assetcatalog; path = Assets.xcassets; sourceTree = "<group>"; };
		2C13037722C26A490045FAE5 /* Base */ = {isa = PBXFileReference; lastKnownFileType = file.storyboard; name = Base; path = Base.lproj/LaunchScreen.storyboard; sourceTree = "<group>"; };
		2C13037922C26A490045FAE5 /* Info.plist */ = {isa = PBXFileReference; lastKnownFileType = text.plist.xml; path = Info.plist; sourceTree = "<group>"; };
		2C13037E22C26A490045FAE5 /* AutoGroupMessageTests.xctest */ = {isa = PBXFileReference; explicitFileType = wrapper.cfbundle; includeInIndex = 0; path = AutoGroupMessageTests.xctest; sourceTree = BUILT_PRODUCTS_DIR; };
		2C13038222C26A490045FAE5 /* AutoGroupMessageTests.swift */ = {isa = PBXFileReference; lastKnownFileType = sourcecode.swift; path = AutoGroupMessageTests.swift; sourceTree = "<group>"; };
		2C13038422C26A490045FAE5 /* Info.plist */ = {isa = PBXFileReference; lastKnownFileType = text.plist.xml; path = Info.plist; sourceTree = "<group>"; };
		2C13038922C26A490045FAE5 /* AutoGroupMessageUITests.xctest */ = {isa = PBXFileReference; explicitFileType = wrapper.cfbundle; includeInIndex = 0; path = AutoGroupMessageUITests.xctest; sourceTree = BUILT_PRODUCTS_DIR; };
		2C13038D22C26A490045FAE5 /* AutoGroupMessageUITests.swift */ = {isa = PBXFileReference; lastKnownFileType = sourcecode.swift; path = AutoGroupMessageUITests.swift; sourceTree = "<group>"; };
		2C13038F22C26A490045FAE5 /* Info.plist */ = {isa = PBXFileReference; lastKnownFileType = text.plist.xml; path = Info.plist; sourceTree = "<group>"; };
/* End PBXFileReference section */

/* Begin PBXFrameworksBuildPhase section */
		2C13036722C26A480045FAE5 /* Frameworks */ = {
			isa = PBXFrameworksBuildPhase;
			buildActionMask = 2147483647;
			files = (
			);
			runOnlyForDeploymentPostprocessing = 0;
		};
		2C13037B22C26A490045FAE5 /* Frameworks */ = {
			isa = PBXFrameworksBuildPhase;
			buildActionMask = 2147483647;
			files = (
			);
			runOnlyForDeploymentPostprocessing = 0;
		};
		2C13038622C26A490045FAE5 /* Frameworks */ = {
			isa = PBXFrameworksBuildPhase;
			buildActionMask = 2147483647;
			files = (
			);
			runOnlyForDeploymentPostprocessing = 0;
		};
/* End PBXFrameworksBuildPhase section */

/* Begin PBXGroup section */
		2C13036122C26A480045FAE5 = {
			isa = PBXGroup;
			children = (
				2C13036C22C26A480045FAE5 /* AutoGroupMessage */,
				2C13038122C26A490045FAE5 /* AutoGroupMessageTests */,
				2C13038C22C26A490045FAE5 /* AutoGroupMessageUITests */,
				2C13036B22C26A480045FAE5 /* Products */,
			);
			sourceTree = "<group>";
		};
		2C13036B22C26A480045FAE5 /* Products */ = {
			isa = PBXGroup;
			children = (
				2C13036A22C26A480045FAE5 /* AutoGroupMessage.app */,
				2C13037E22C26A490045FAE5 /* AutoGroupMessageTests.xctest */,
				2C13038922C26A490045FAE5 /* AutoGroupMessageUITests.xctest */,
			);
			name = Products;
			sourceTree = "<group>";
		};
		2C13036C22C26A480045FAE5 /* AutoGroupMessage */ = {
			isa = PBXGroup;
			children = (
				2C13036D22C26A480045FAE5 /* AppDelegate.swift */,
				2C13036F22C26A480045FAE5 /* ViewController.swift */,
				2C13037122C26A480045FAE5 /* Main.storyboard */,
				2C13037422C26A490045FAE5 /* Assets.xcassets */,
				2C13037622C26A490045FAE5 /* LaunchScreen.storyboard */,
				2C13037922C26A490045FAE5 /* Info.plist */,
			);
			path = AutoGroupMessage;
			sourceTree = "<group>";
		};
		2C13038122C26A490045FAE5 /* AutoGroupMessageTests */ = {
			isa = PBXGroup;
			children = (
				2C13038222C26A490045FAE5 /* AutoGroupMessageTests.swift */,
				2C13038422C26A490045FAE5 /* Info.plist */,
			);
			path = AutoGroupMessageTests;
			sourceTree = "<group>";
		};
		2C13038C22C26A490045FAE5 /* AutoGroupMessageUITests */ = {
			isa = PBXGroup;
			children = (
				2C13038D22C26A490045FAE5 /* AutoGroupMessageUITests.swift */,
				2C13038F22C26A490045FAE5 /* Info.plist */,
			);
			path = AutoGroupMessageUITests;
			sourceTree = "<group>";
		};
/* End PBXGroup section */

/* Begin PBXNativeTarget section */
		2C13036922C26A480045FAE5 /* AutoGroupMessage */ = {
			isa = PBXNativeTarget;
			buildConfigurationList = 2C13039222C26A490045FAE5 /* Build configuration list for PBXNativeTarget "AutoGroupMessage" */;
			buildPhases = (
				2C13036622C26A480045FAE5 /* Sources */,
				2C13036722C26A480045FAE5 /* Frameworks */,
				2C13036822C26A480045FAE5 /* Resources */,
			);
			buildRules = (
			);
			dependencies = (
			);
			name = AutoGroupMessage;
			productName = AutoGroupMessage;
			productReference = 2C13036A22C26A480045FAE5 /* AutoGroupMessage.app */;
			productType = "com.apple.product-type.application";
		};
		2C13037D22C26A490045FAE5 /* AutoGroupMessageTests */ = {
			isa = PBXNativeTarget;
			buildConfigurationList = 2C13039522C26A490045FAE5 /* Build configuration list for PBXNativeTarget "AutoGroupMessageTests" */;
			buildPhases = (
				2C13037A22C26A490045FAE5 /* Sources */,
				2C13037B22C26A490045FAE5 /* Frameworks */,
				2C13037C22C26A490045FAE5 /* Resources */,
			);
			buildRules = (
			);
			dependencies = (
				2C13038022C26A490045FAE5 /* PBXTargetDependency */,
			);
			name = AutoGroupMessageTests;
			productName = AutoGroupMessageTests;
			productReference = 2C13037E22C26A490045FAE5 /* AutoGroupMessageTests.xctest */;
			productType = "com.apple.product-type.bundle.unit-test";
		};
		2C13038822C26A490045FAE5 /* AutoGroupMessageUITests */ = {
			isa = PBXNativeTarget;
			buildConfigurationList = 2C13039822C26A490045FAE5 /* Build configuration list for PBXNativeTarget "AutoGroupMessageUITests" */;
			buildPhases = (
				2C13038522C26A490045FAE5 /* Sources */,
				2C13038622C26A490045FAE5 /* Frameworks */,
				2C13038722C26A490045FAE5 /* Resources */,
			);
			buildRules = (
			);
			dependencies = (
				2C13038B22C26A490045FAE5 /* PBXTargetDependency */,
			);
			name = AutoGroupMessageUITests;
			productName = AutoGroupMessageUITests;
			productReference = 2C13038922C26A490045FAE5 /* AutoGroupMessageUITests.xctest */;
			productType = "com.apple.product-type.bundle.ui-testing";
		};
/* End PBXNativeTarget section */

/* Begin PBXProject section */
		2C13036222C26A480045FAE5 /* Project object */ = {
			isa = PBXProject;
			attributes = {
				LastSwiftUpdateCheck = 1020;
				LastUpgradeCheck = 1020;
				ORGANIZATIONNAME = Thuannv;
				TargetAttributes = {
					2C13036922C26A480045FAE5 = {
						CreatedOnToolsVersion = 10.2.1;
					};
					2C13037D22C26A490045FAE5 = {
						CreatedOnToolsVersion = 10.2.1;
						TestTargetID = 2C13036922C26A480045FAE5;
					};
					2C13038822C26A490045FAE5 = {
						CreatedOnToolsVersion = 10.2.1;
						TestTargetID = 2C13036922C26A480045FAE5;
					};
				};
			};
			buildConfigurationList = 2C13036522C26A480045FAE5 /* Build configuration list for PBXProject "AutoGroupMessage" */;
			compatibilityVersion = "Xcode 9.3";
			developmentRegion = en;
			hasScannedForEncodings = 0;
			knownRegions = (
				en,
				Base,
			);
			mainGroup = 2C13036122C26A480045FAE5;
			productRefGroup = 2C13036B22C26A480045FAE5 /* Products */;
			projectDirPath = "";
			projectRoot = "";
			targets = (
				2C13036922C26A480045FAE5 /* AutoGroupMessage */,
				2C13037D22C26A490045FAE5 /* AutoGroupMessageTests */,
				2C13038822C26A490045FAE5 /* AutoGroupMessageUITests */,
			);
		};
/* End PBXProject section */

/* Begin PBXResourcesBuildPhase section */
		2C13036822C26A480045FAE5 /* Resources */ = {
			isa = PBXResourcesBuildPhase;
			buildActionMask = 2147483647;
			files = (
				2C13037822C26A490045FAE5 /* LaunchScreen.storyboard in Resources */,
				2C13037522C26A490045FAE5 /* Assets.xcassets in Resources */,
				2C13037322C26A480045FAE5 /* Main.storyboard in Resources */,
			);
			runOnlyForDeploymentPostprocessing = 0;
		};
		2C13037C22C26A490045FAE5 /* Resources */ = {
			isa = PBXResourcesBuildPhase;
			buildActionMask = 2147483647;
			files = (
			);
			runOnlyForDeploymentPostprocessing = 0;
		};
		2C13038722C26A490045FAE5 /* Resources */ = {
			isa = PBXResourcesBuildPhase;
			buildActionMask = 2147483647;
			files = (
			);
			runOnlyForDeploymentPostprocessing = 0;
		};
/* End PBXResourcesBuildPhase section */

/* Begin PBXSourcesBuildPhase section */
		2C13036622C26A480045FAE5 /* Sources */ = {
			isa = PBXSourcesBuildPhase;
			buildActionMask = 2147483647;
			files = (
				2C13037022C26A480045FAE5 /* ViewController.swift in Sources */,
				2C13036E22C26A480045FAE5 /* AppDelegate.swift in Sources */,
			);
			runOnlyForDeploymentPostprocessing = 0;
		};
		2C13037A22C26A490045FAE5 /* Sources */ = {
			isa = PBXSourcesBuildPhase;
			buildActionMask = 2147483647;
			files = (
				2C13038322C26A490045FAE5 /* AutoGroupMessageTests.swift in Sources */,
			);
			runOnlyForDeploymentPostprocessing = 0;
		};
		2C13038522C26A490045FAE5 /* Sources */ = {
			isa = PBXSourcesBuildPhase;
			buildActionMask = 2147483647;
			files = (
				2C13038E22C26A490045FAE5 /* AutoGroupMessageUITests.swift in Sources */,
			);
			runOnlyForDeploymentPostprocessing = 0;
		};
/* End PBXSourcesBuildPhase section */

/* Begin PBXTargetDependency section */
		2C13038022C26A490045FAE5 /* PBXTargetDependency */ = {
			isa = PBXTargetDependency;
			target = 2C13036922C26A480045FAE5 /* AutoGroupMessage */;
			targetProxy = 2C13037F22C26A490045FAE5 /* PBXContainerItemProxy */;
		};
		2C13038B22C26A490045FAE5 /* PBXTargetDependency */ = {
			isa = PBXTargetDependency;
			target = 2C13036922C26A480045FAE5 /* AutoGroupMessage */;
			targetProxy = 2C13038A22C26A490045FAE5 /* PBXContainerItemProxy */;
		};
/* End PBXTargetDependency section */

/* Begin PBXVariantGroup section */
		2C13037122C26A480045FAE5 /* Main.storyboard */ = {
			isa = PBXVariantGroup;
			children = (
				2C13037222C26A480045FAE5 /* Base */,
			);
			name = Main.storyboard;
			sourceTree = "<group>";
		};
		2C13037622C26A490045FAE5 /* LaunchScreen.storyboard */ = {
			isa = PBXVariantGroup;
			children = (
				2C13037722C26A490045FAE5 /* Base */,
			);
			name = LaunchScreen.storyboard;
			sourceTree = "<group>";
		};
/* End PBXVariantGroup section */

/* Begin XCBuildConfiguration section */
		2C13039022C26A490045FAE5 /* Debug */ = {
			isa = XCBuildConfiguration;
			buildSettings = {
				ALWAYS_SEARCH_USER_PATHS = NO;
				CLANG_ANALYZER_NONNULL = YES;
				CLANG_ANALYZER_NUMBER_OBJECT_CONVERSION = YES_AGGRESSIVE;
				CLANG_CXX_LANGUAGE_STANDARD = "gnu++14";
				CLANG_CXX_LIBRARY = "libc++";
				CLANG_ENABLE_MODULES = YES;
				CLANG_ENABLE_OBJC_ARC = YES;
				CLANG_ENABLE_OBJC_WEAK = YES;
				CLANG_WARN_BLOCK_CAPTURE_AUTORELEASING = YES;
				CLANG_WARN_BOOL_CONVERSION = YES;
				CLANG_WARN_COMMA = YES;
				CLANG_WARN_CONSTANT_CONVERSION = YES;
				CLANG_WARN_DEPRECATED_OBJC_IMPLEMENTATIONS = YES;
				CLANG_WARN_DIRECT_OBJC_ISA_USAGE = YES_ERROR;
				CLANG_WARN_DOCUMENTATION_COMMENTS = YES;
				CLANG_WARN_EMPTY_BODY = YES;
				CLANG_WARN_ENUM_CONVERSION = YES;
				CLANG_WARN_INFINITE_RECURSION = YES;
				CLANG_WARN_INT_CONVERSION = YES;
				CLANG_WARN_NON_LITERAL_NULL_CONVERSION = YES;
				CLANG_WARN_OBJC_IMPLICIT_RETAIN_SELF = YES;
				CLANG_WARN_OBJC_LITERAL_CONVERSION = YES;
				CLANG_WARN_OBJC_ROOT_CLASS = YES_ERROR;
				CLANG_WARN_RANGE_LOOP_ANALYSIS = YES;
				CLANG_WARN_STRICT_PROTOTYPES = YES;
				CLANG_WARN_SUSPICIOUS_MOVE = YES;
				CLANG_WARN_UNGUARDED_AVAILABILITY = YES_AGGRESSIVE;
				CLANG_WARN_UNREACHABLE_CODE = YES;
				CLANG_WARN__DUPLICATE_METHOD_MATCH = YES;
				CODE_SIGN_IDENTITY = "iPhone Developer";
				COPY_PHASE_STRIP = NO;
				DEBUG_INFORMATION_FORMAT = dwarf;
				ENABLE_STRICT_OBJC_MSGSEND = YES;
				ENABLE_TESTABILITY = YES;
				GCC_C_LANGUAGE_STANDARD = gnu11;
				GCC_DYNAMIC_NO_PIC = NO;
				GCC_NO_COMMON_BLOCKS = YES;
				GCC_OPTIMIZATION_LEVEL = 0;
				GCC_PREPROCESSOR_DEFINITIONS = (
					"DEBUG=1",
					"$(inherited)",
				);
				GCC_WARN_64_TO_32_BIT_CONVERSION = YES;
				GCC_WARN_ABOUT_RETURN_TYPE = YES_ERROR;
				GCC_WARN_UNDECLARED_SELECTOR = YES;
				GCC_WARN_UNINITIALIZED_AUTOS = YES_AGGRESSIVE;
				GCC_WARN_UNUSED_FUNCTION = YES;
				GCC_WARN_UNUSED_VARIABLE = YES;
				IPHONEOS_DEPLOYMENT_TARGET = 12.2;
				MTL_ENABLE_DEBUG_INFO = INCLUDE_SOURCE;
				MTL_FAST_MATH = YES;
				ONLY_ACTIVE_ARCH = YES;
				SDKROOT = iphoneos;
				SWIFT_ACTIVE_COMPILATION_CONDITIONS = DEBUG;
				SWIFT_OPTIMIZATION_LEVEL = "-Onone";
			};
			name = Debug;
		};
		2C13039122C26A490045FAE5 /* Release */ = {
			isa = XCBuildConfiguration;
			buildSettings = {
				ALWAYS_SEARCH_USER_PATHS = NO;
				CLANG_ANALYZER_NONNULL = YES;
				CLANG_ANALYZER_NUMBER_OBJECT_CONVERSION = YES_AGGRESSIVE;
				CLANG_CXX_LANGUAGE_STANDARD = "gnu++14";
				CLANG_CXX_LIBRARY = "libc++";
				CLANG_ENABLE_MODULES = YES;
				CLANG_ENABLE_OBJC_ARC = YES;
				CLANG_ENABLE_OBJC_WEAK = YES;
				CLANG_WARN_BLOCK_CAPTURE_AUTORELEASING = YES;
				CLANG_WARN_BOOL_CONVERSION = YES;
				CLANG_WARN_COMMA = YES;
				CLANG_WARN_CONSTANT_CONVERSION = YES;
				CLANG_WARN_DEPRECATED_OBJC_IMPLEMENTATIONS = YES;
				CLANG_WARN_DIRECT_OBJC_ISA_USAGE = YES_ERROR;
				CLANG_WARN_DOCUMENTATION_COMMENTS = YES;
				CLANG_WARN_EMPTY_BODY = YES;
				CLANG_WARN_ENUM_CONVERSION = YES;
				CLANG_WARN_INFINITE_RECURSION = YES;
				CLANG_WARN_INT_CONVERSION = YES;
				CLANG_WARN_NON_LITERAL_NULL_CONVERSION = YES;
				CLANG_WARN_OBJC_IMPLICIT_RETAIN_SELF = YES;
				CLANG_WARN_OBJC_LITERAL_CONVERSION = YES;
				CLANG_WARN_OBJC_ROOT_CLASS = YES_ERROR;
				CLANG_WARN_RANGE_LOOP_ANALYSIS = YES;
				CLANG_WARN_STRICT_PROTOTYPES = YES;
				CLANG_WARN_SUSPICIOUS_MOVE = YES;
				CLANG_WARN_UNGUARDED_AVAILABILITY = YES_AGGRESSIVE;
				CLANG_WARN_UNREACHABLE_CODE = YES;
				CLANG_WARN__DUPLICATE_METHOD_MATCH = YES;
				CODE_SIGN_IDENTITY = "iPhone Developer";
				COPY_PHASE_STRIP = NO;
				DEBUG_INFORMATION_FORMAT = "dwarf-with-dsym";
				ENABLE_NS_ASSERTIONS = NO;
				ENABLE_STRICT_OBJC_MSGSEND = YES;
				GCC_C_LANGUAGE_STANDARD = gnu11;
				GCC_NO_COMMON_BLOCKS = YES;
				GCC_WARN_64_TO_32_BIT_CONVERSION = YES;
				GCC_WARN_ABOUT_RETURN_TYPE = YES_ERROR;
				GCC_WARN_UNDECLARED_SELECTOR = YES;
				GCC_WARN_UNINITIALIZED_AUTOS = YES_AGGRESSIVE;
				GCC_WARN_UNUSED_FUNCTION = YES;
				GCC_WARN_UNUSED_VARIABLE = YES;
				IPHONEOS_DEPLOYMENT_TARGET = 12.2;
				MTL_ENABLE_DEBUG_INFO = NO;
				MTL_FAST_MATH = YES;
				SDKROOT = iphoneos;
				SWIFT_COMPILATION_MODE = wholemodule;
				SWIFT_OPTIMIZATION_LEVEL = "-O";
				VALIDATE_PRODUCT = YES;
			};
			name = Release;
		};
		2C13039322C26A490045FAE5 /* Debug */ = {
			isa = XCBuildConfiguration;
			buildSettings = {
				ASSETCATALOG_COMPILER_APPICON_NAME = AppIcon;
				CODE_SIGN_STYLE = Automatic;
				DEVELOPMENT_TEAM = 6TW8C2AVLL;
				INFOPLIST_FILE = AutoGroupMessage/Info.plist;
				LD_RUNPATH_SEARCH_PATHS = (
					"$(inherited)",
					"@executable_path/Frameworks",
				);
				PRODUCT_BUNDLE_IDENTIFIER = com.firstlove.AutoGroupMessage;
				PRODUCT_NAME = "$(TARGET_NAME)";
				SWIFT_VERSION = 5.0;
				TARGETED_DEVICE_FAMILY = "1,2";
			};
			name = Debug;
		};
		2C13039422C26A490045FAE5 /* Release */ = {
			isa = XCBuildConfiguration;
			buildSettings = {
				ASSETCATALOG_COMPILER_APPICON_NAME = AppIcon;
				CODE_SIGN_STYLE = Automatic;
				DEVELOPMENT_TEAM = 6TW8C2AVLL;
				INFOPLIST_FILE = AutoGroupMessage/Info.plist;
				LD_RUNPATH_SEARCH_PATHS = (
					"$(inherited)",
					"@executable_path/Frameworks",
				);
				PRODUCT_BUNDLE_IDENTIFIER = com.firstlove.AutoGroupMessage;
				PRODUCT_NAME = "$(TARGET_NAME)";
				SWIFT_VERSION = 5.0;
				TARGETED_DEVICE_FAMILY = "1,2";
			};
			name = Release;
		};
		2C13039622C26A490045FAE5 /* Debug */ = {
			isa = XCBuildConfiguration;
			buildSettings = {
				ALWAYS_EMBED_SWIFT_STANDARD_LIBRARIES = YES;
				BUNDLE_LOADER = "$(TEST_HOST)";
				CODE_SIGN_STYLE = Automatic;
				DEVELOPMENT_TEAM = 6TW8C2AVLL;
				INFOPLIST_FILE = AutoGroupMessageTests/Info.plist;
				LD_RUNPATH_SEARCH_PATHS = (
					"$(inherited)",
					"@executable_path/Frameworks",
					"@loader_path/Frameworks",
				);
				PRODUCT_BUNDLE_IDENTIFIER = com.firstlove.AutoGroupMessageTests;
				PRODUCT_NAME = "$(TARGET_NAME)";
				SWIFT_VERSION = 5.0;
				TARGETED_DEVICE_FAMILY = "1,2";
				TEST_HOST = "$(BUILT_PRODUCTS_DIR)/AutoGroupMessage.app/AutoGroupMessage";
			};
			name = Debug;
		};
		2C13039722C26A490045FAE5 /* Release */ = {
			isa = XCBuildConfiguration;
			buildSettings = {
				ALWAYS_EMBED_SWIFT_STANDARD_LIBRARIES = YES;
				BUNDLE_LOADER = "$(TEST_HOST)";
				CODE_SIGN_STYLE = Automatic;
				DEVELOPMENT_TEAM = 6TW8C2AVLL;
				INFOPLIST_FILE = AutoGroupMessageTests/Info.plist;
				LD_RUNPATH_SEARCH_PATHS = (
					"$(inherited)",
					"@executable_path/Frameworks",
					"@loader_path/Frameworks",
				);
				PRODUCT_BUNDLE_IDENTIFIER = com.firstlove.AutoGroupMessageTests;
				PRODUCT_NAME = "$(TARGET_NAME)";
				SWIFT_VERSION = 5.0;
				TARGETED_DEVICE_FAMILY = "1,2";
				TEST_HOST = "$(BUILT_PRODUCTS_DIR)/AutoGroupMessage.app/AutoGroupMessage";
			};
			name = Release;
		};
		2C13039922C26A490045FAE5 /* Debug */ = {
			isa = XCBuildConfiguration;
			buildSettings = {
				ALWAYS_EMBED_SWIFT_STANDARD_LIBRARIES = YES;
				CODE_SIGN_STYLE = Automatic;
				DEVELOPMENT_TEAM = 6TW8C2AVLL;
				INFOPLIST_FILE = AutoGroupMessageUITests/Info.plist;
				LD_RUNPATH_SEARCH_PATHS = (
					"$(inherited)",
					"@executable_path/Frameworks",
					"@loader_path/Frameworks",
				);
				PRODUCT_BUNDLE_IDENTIFIER = com.firstlove.AutoGroupMessageUITests;
				PRODUCT_NAME = "$(TARGET_NAME)";
				SWIFT_VERSION = 5.0;
				TARGETED_DEVICE_FAMILY = "1,2";
				TEST_TARGET_NAME = AutoGroupMessage;
			};
			name = Debug;
		};
		2C13039A22C26A490045FAE5 /* Release */ = {
			isa = XCBuildConfiguration;
			buildSettings = {
				ALWAYS_EMBED_SWIFT_STANDARD_LIBRARIES = YES;
				CODE_SIGN_STYLE = Automatic;
				DEVELOPMENT_TEAM = 6TW8C2AVLL;
				INFOPLIST_FILE = AutoGroupMessageUITests/Info.plist;
				LD_RUNPATH_SEARCH_PATHS = (
					"$(inherited)",
					"@executable_path/Frameworks",
					"@loader_path/Frameworks",
				);
				PRODUCT_BUNDLE_IDENTIFIER = com.firstlove.AutoGroupMessageUITests;
				PRODUCT_NAME = "$(TARGET_NAME)";
				SWIFT_VERSION = 5.0;
				TARGETED_DEVICE_FAMILY = "1,2";
				TEST_TARGET_NAME = AutoGroupMessage;
			};
			name = Release;
		};
/* End XCBuildConfiguration section */

/* Begin XCConfigurationList section */
		2C13036522C26A480045FAE5 /* Build configuration list for PBXProject "AutoGroupMessage" */ = {
			isa = XCConfigurationList;
			buildConfigurations = (
				2C13039022C26A490045FAE5 /* Debug */,
				2C13039122C26A490045FAE5 /* Release */,
			);
			defaultConfigurationIsVisible = 0;
			defaultConfigurationName = Release;
		};
		2C13039222C26A490045FAE5 /* Build configuration list for PBXNativeTarget "AutoGroupMessage" */ = {
			isa = XCConfigurationList;
			buildConfigurations = (
				2C13039322C26A490045FAE5 /* Debug */,
				2C13039422C26A490045FAE5 /* Release */,
			);
			defaultConfigurationIsVisible = 0;
			defaultConfigurationName = Release;
		};
		2C13039522C26A490045FAE5 /* Build configuration list for PBXNativeTarget "AutoGroupMessageTests" */ = {
			isa = XCConfigurationList;
			buildConfigurations = (
				2C13039622C26A490045FAE5 /* Debug */,
				2C13039722C26A490045FAE5 /* Release */,
			);
			defaultConfigurationIsVisible = 0;
			defaultConfigurationName = Release;
		};
		2C13039822C26A490045FAE5 /* Build configuration list for PBXNativeTarget "AutoGroupMessageUITests" */ = {
			isa = XCConfigurationList;
			buildConfigurations = (
				2C13039922C26A490045FAE5 /* Debug */,
				2C13039A22C26A490045FAE5 /* Release */,
			);
			defaultConfigurationIsVisible = 0;
			defaultConfigurationName = Release;
		};
/* End XCConfigurationList section */
	};
	rootObject = 2C13036222C26A480045FAE5 /* Project object */;
}
